{
  "name": "website",
  "version": "1.0.0",
  "lockfileVersion": 2,
  "requires": true,
  "packages": {
    "": {
      "name": "website",
      "version": "1.0.0",
      "license": "ISC",
      "dependencies": {
        "@here/olp-sdk-authentication": "^1.12.2",
        "@types/heremaps": "^3.1.5"
      },
      "devDependencies": {
        "@types/jquery": "^3.5.11"
      }
    },
    "node_modules/@here/olp-sdk-authentication": {
      "version": "1.12.2",
      "resolved": "https://registry.npmjs.org/@here/olp-sdk-authentication/-/olp-sdk-authentication-1.12.2.tgz",
      "integrity": "sha512-Q451RIBm5KUXMmno4K1DEvW7s8xAPVR0Nd9Wn6mrd15Il/eOdIt8M9gXMeuH/Joe6lCsItdBdBJD0iKDzKrYhw==",
      "dependencies": {
        "@here/olp-sdk-core": "^1.7.1",
        "@here/olp-sdk-fetch": "^1.9.0",
        "properties-reader": "^0.3.1"
      },
      "bin": {
        "olp-sdk-authentication": "oauth-requester"
      }
    },
    "node_modules/@here/olp-sdk-core": {
      "version": "1.7.1",
      "resolved": "https://registry.npmjs.org/@here/olp-sdk-core/-/olp-sdk-core-1.7.1.tgz",
      "integrity": "sha512-uhwABAnZFf83EPsxTobN98wyIdpwH9R6MAabW5uVmrKOf+fxCceUVJrmWuEiCK7aF0m6PjspdLcInsMlZU98gw==",
      "dependencies": {
        "@here/olp-sdk-dataservice-api": "^1.12.2",
        "@here/olp-sdk-fetch": "^1.9.0"
      }
    },
    "node_modules/@here/olp-sdk-dataservice-api": {
      "version": "1.12.2",
      "resolved": "https://registry.npmjs.org/@here/olp-sdk-dataservice-api/-/olp-sdk-dataservice-api-1.12.2.tgz",
      "integrity": "sha512-L8plr0UXi2WY4OD9HuTm9OCvX/JVi6WyIoO6JDMKjdGl6FI5ZLqk/OzDsPMR/syLrZyReb0HNrM1ILF0pn/VQA=="
    },
    "node_modules/@here/olp-sdk-fetch": {
      "version": "1.9.0",
      "resolved": "https://registry.npmjs.org/@here/olp-sdk-fetch/-/olp-sdk-fetch-1.9.0.tgz",
      "integrity": "sha512-wrmZjABACqT6JqucuZDiesJ1lnNY8rzKg05faJEnBStw9vU2eSYKItXe686+4TotT7LPHbLufLIZpJc3b7wEdw==",
      "dependencies": {
        "node-fetch": "^2.6.0"
      }
    },
    "node_modules/@types/heremaps": {
      "version": "3.1.5",
      "resolved": "https://registry.npmjs.org/@types/heremaps/-/heremaps-3.1.5.tgz",
      "integrity": "sha512-I9hLvguxz4+waIoJajJFravPNOk1tiRf4LylBLk7hnQXjX/qVJn5ZTBLskAGjB047VyTKPE7Eb/yO43Ssjok/g=="
    },
    "node_modules/@types/jquery": {
      "version": "3.5.11",
      "resolved": "https://registry.npmjs.org/@types/jquery/-/jquery-3.5.11.tgz",
      "integrity": "sha512-lYZGdfOtUa0XFjIATQgiogqeTY5PNNMOmp3Jq48ghmJALL8t/IqABRqlEwdHfuUdA8iIE1uGD1HoI4a7Tiy6OA==",
      "dev": true,
      "dependencies": {
        "@types/sizzle": "*"
      }
    },
    "node_modules/@types/sizzle": {
      "version": "2.3.3",
      "resolved": "https://registry.npmjs.org/@types/sizzle/-/sizzle-2.3.3.tgz",
      "integrity": "sha512-JYM8x9EGF163bEyhdJBpR2QX1R5naCJHC8ucJylJ3w9/CVBaskdQ8WqBf8MmQrd1kRvp/a4TS8HJ+bxzR7ZJYQ==",
      "dev": true
    },
    "node_modules/minimist": {
      "version": "1.2.5",
      "resolved": "https://registry.npmjs.org/minimist/-/minimist-1.2.5.tgz",
      "integrity": "sha512-FM9nNUYrRBAELZQT3xeZQ7fmMOBg6nWNmJKTcgsJeaLstP/UODVpGsr5OhXhhXg6f+qtJ8uiZ+PUxkDWcgIXLw=="
    },
    "node_modules/mkdirp": {
      "version": "0.5.5",
      "resolved": "https://registry.npmjs.org/mkdirp/-/mkdirp-0.5.5.tgz",
      "integrity": "sha512-NKmAlESf6jMGym1++R0Ra7wvhV+wFW63FaSOFPwRahvea0gMUcGUhVeAg/0BC0wiv9ih5NYPB1Wn1UEI1/L+xQ==",
      "dependencies": {
        "minimist": "^1.2.5"
      },
      "bin": {
        "mkdirp": "bin/cmd.js"
      }
    },
    "node_modules/node-fetch": {
      "version": "2.6.7",
      "resolved": "https://registry.npmjs.org/node-fetch/-/node-fetch-2.6.7.tgz",
      "integrity": "sha512-ZjMPFEfVx5j+y2yF35Kzx5sF7kDzxuDj6ziH4FFbOp87zKDZNx8yExJIb05OGF4Nlt9IHFIMBkRl41VdvcNdbQ==",
      "dependencies": {
        "whatwg-url": "^5.0.0"
      },
      "engines": {
        "node": "4.x || >=6.0.0"
      },
      "peerDependencies": {
        "encoding": "^0.1.0"
      },
      "peerDependenciesMeta": {
        "encoding": {
          "optional": true
        }
      }
    },
    "node_modules/properties-reader": {
      "version": "0.3.1",
      "resolved": "https://registry.npmjs.org/properties-reader/-/properties-reader-0.3.1.tgz",
      "integrity": "sha512-ltBypWdJunkozeLZTQc7hhifymwnHK2bvGnGjI7NB092fuNY91tb7lnZOhPDKs9W9yfDAqjkQ8B0ZUdQkm1M6Q==",
      "dependencies": {
        "mkdirp": "~0.5.1"
      },
      "engines": {
        "node": ">=6"
      }
    },
    "node_modules/tr46": {
      "version": "0.0.3",
      "resolved": "https://registry.npmjs.org/tr46/-/tr46-0.0.3.tgz",
      "integrity": "sha1-gYT9NH2snNwYWZLzpmIuFLnZq2o="
    },
    "node_modules/webidl-conversions": {
      "version": "3.0.1",
      "resolved": "https://registry.npmjs.org/webidl-conversions/-/webidl-conversions-3.0.1.tgz",
      "integrity": "sha1-JFNCdeKnvGvnvIZhHMFq4KVlSHE="
    },
    "node_modules/whatwg-url": {
      "version": "5.0.0",
      "resolved": "https://registry.npmjs.org/whatwg-url/-/whatwg-url-5.0.0.tgz",
      "integrity": "sha1-lmRU6HZUYuN2RNNib2dCzotwll0=",
      "dependencies": {
        "tr46": "~0.0.3",
        "webidl-conversions": "^3.0.0"
      }
    }
  },
  "dependencies": {
    "@here/olp-sdk-authentication": {
      "version": "1.12.2",
      "resolved": "https://registry.npmjs.org/@here/olp-sdk-authentication/-/olp-sdk-authentication-1.12.2.tgz",
      "integrity": "sha512-Q451RIBm5KUXMmno4K1DEvW7s8xAPVR0Nd9Wn6mrd15Il/eOdIt8M9gXMeuH/Joe6lCsItdBdBJD0iKDzKrYhw==",
      "requires": {
        "@here/olp-sdk-core": "^1.7.1",
        "@here/olp-sdk-fetch": "^1.9.0",
        "properties-reader": "^0.3.1"
      }
    },
    "@here/olp-sdk-core": {
      "version": "1.7.1",
      "resolved": "https://registry.npmjs.org/@here/olp-sdk-core/-/olp-sdk-core-1.7.1.tgz",
      "integrity": "sha512-uhwABAnZFf83EPsxTobN98wyIdpwH9R6MAabW5uVmrKOf+fxCceUVJrmWuEiCK7aF0m6PjspdLcInsMlZU98gw==",
      "requires": {
        "@here/olp-sdk-dataservice-api": "^1.12.2",
        "@here/olp-sdk-fetch": "^1.9.0"
      }
    },
    "@here/olp-sdk-dataservice-api": {
      "version": "1.12.2",
      "resolved": "https://registry.npmjs.org/@here/olp-sdk-dataservice-api/-/olp-sdk-dataservice-api-1.12.2.tgz",
      "integrity": "sha512-L8plr0UXi2WY4OD9HuTm9OCvX/JVi6WyIoO6JDMKjdGl6FI5ZLqk/OzDsPMR/syLrZyReb0HNrM1ILF0pn/VQA=="
    },
    "@here/olp-sdk-fetch": {
      "version": "1.9.0",
      "resolved": "https://registry.npmjs.org/@here/olp-sdk-fetch/-/olp-sdk-fetch-1.9.0.tgz",
      "integrity": "sha512-wrmZjABACqT6JqucuZDiesJ1lnNY8rzKg05faJEnBStw9vU2eSYKItXe686+4TotT7LPHbLufLIZpJc3b7wEdw==",
      "requires": {
        "node-fetch": "^2.6.0"
      }
    },
    "@types/heremaps": {
      "version": "3.1.5",
      "resolved": "https://registry.npmjs.org/@types/heremaps/-/heremaps-3.1.5.tgz",
      "integrity": "sha512-I9hLvguxz4+waIoJajJFravPNOk1tiRf4LylBLk7hnQXjX/qVJn5ZTBLskAGjB047VyTKPE7Eb/yO43Ssjok/g=="
    },
    "@types/jquery": {
      "version": "3.5.11",
      "resolved": "https://registry.npmjs.org/@types/jquery/-/jquery-3.5.11.tgz",
      "integrity": "sha512-lYZGdfOtUa0XFjIATQgiogqeTY5PNNMOmp3Jq48ghmJALL8t/IqABRqlEwdHfuUdA8iIE1uGD1HoI4a7Tiy6OA==",
      "dev": true,
      "requires": {
        "@types/sizzle": "*"
      }
    },
    "@types/sizzle": {
      "version": "2.3.3",
      "resolved": "https://registry.npmjs.org/@types/sizzle/-/sizzle-2.3.3.tgz",
      "integrity": "sha512-JYM8x9EGF163bEyhdJBpR2QX1R5naCJHC8ucJylJ3w9/CVBaskdQ8WqBf8MmQrd1kRvp/a4TS8HJ+bxzR7ZJYQ==",
      "dev": true
    },
    "minimist": {
      "version": "1.2.5",
      "resolved": "https://registry.npmjs.org/minimist/-/minimist-1.2.5.tgz",
      "integrity": "sha512-FM9nNUYrRBAELZQT3xeZQ7fmMOBg6nWNmJKTcgsJeaLstP/UODVpGsr5OhXhhXg6f+qtJ8uiZ+PUxkDWcgIXLw=="
    },
    "mkdirp": {
      "version": "0.5.5",
      "resolved": "https://registry.npmjs.org/mkdirp/-/mkdirp-0.5.5.tgz",
      "integrity": "sha512-NKmAlESf6jMGym1++R0Ra7wvhV+wFW63FaSOFPwRahvea0gMUcGUhVeAg/0BC0wiv9ih5NYPB1Wn1UEI1/L+xQ==",
      "requires": {
        "minimist": "^1.2.5"
      }
    },
    "node-fetch": {
      "version": "2.6.7",
      "resolved": "https://registry.npmjs.org/node-fetch/-/node-fetch-2.6.7.tgz",
      "integrity": "sha512-ZjMPFEfVx5j+y2yF35Kzx5sF7kDzxuDj6ziH4FFbOp87zKDZNx8yExJIb05OGF4Nlt9IHFIMBkRl41VdvcNdbQ==",
      "requires": {
        "whatwg-url": "^5.0.0"
      }
    },
    "properties-reader": {
      "version": "0.3.1",
      "resolved": "https://registry.npmjs.org/properties-reader/-/properties-reader-0.3.1.tgz",
      "integrity": "sha512-ltBypWdJunkozeLZTQc7hhifymwnHK2bvGnGjI7NB092fuNY91tb7lnZOhPDKs9W9yfDAqjkQ8B0ZUdQkm1M6Q==",
      "requires": {
        "mkdirp": "~0.5.1"
      }
    },
    "tr46": {
      "version": "0.0.3",
      "resolved": "https://registry.npmjs.org/tr46/-/tr46-0.0.3.tgz",
      "integrity": "sha1-gYT9NH2snNwYWZLzpmIuFLnZq2o="
    },
    "webidl-conversions": {
      "version": "3.0.1",
      "resolved": "https://registry.npmjs.org/webidl-conversions/-/webidl-conversions-3.0.1.tgz",
      "integrity": "sha1-JFNCdeKnvGvnvIZhHMFq4KVlSHE="
    },
    "whatwg-url": {
      "version": "5.0.0",
      "resolved": "https://registry.npmjs.org/whatwg-url/-/whatwg-url-5.0.0.tgz",
      "integrity": "sha1-lmRU6HZUYuN2RNNib2dCzotwll0=",
      "requires": {
        "tr46": "~0.0.3",
        "webidl-conversions": "^3.0.0"
      }
    }
  }
}
